
Microsoft Visual Studio Solution File, Format Version 12.00
# Visual Studio Version 17
VisualStudioVersion = 17.0.32014.148
MinimumVisualStudioVersion = 10.0.40219.1
Project("{FAE04EC0-301F-11D3-BF4B-00C04F79EFBC}") = "WPF_Task_3", "WPF_Task_3\WPF_Task_3.csproj", "{CE6A25C4-08BA-47B8-8839-9428AB85DE90}"
EndProject
Global
	GlobalSection(SolutionConfigurationPlatforms) = preSolution
		Debug|Any CPU = Debug|Any CPU
		Release|Any CPU = Release|Any CPU
	EndGlobalSection
	GlobalSection(ProjectConfigurationPlatforms) = postSolution
		{CE6A25C4-08BA-47B8-8839-9428AB85DE90}.Debug|Any CPU.ActiveCfg = Debug|Any CPU
		{CE6A25C4-08BA-47B8-8839-9428AB85DE90}.Debug|Any CPU.Build.0 = Debug|Any CPU
		{CE6A25C4-08BA-47B8-8839-9428AB85DE90}.Release|Any CPU.ActiveCfg = Release|Any CPU
		{CE6A25C4-08BA-47B8-8839-9428AB85DE90}.Release|Any CPU.Build.0 = Release|Any CPU
	EndGlobalSection
	GlobalSection(SolutionProperties) = preSolution
		HideSolutionNode = FALSE
	EndGlobalSection
	GlobalSection(ExtensibilityGlobals) = postSolution
		SolutionGuid = {D4B272AD-4D2D-4996-8E19-976C14914E1E}
	EndGlobalSection
EndGlobal
